
Microsoft Visual Studio Solution File, Format Version 12.00
# Visual Studio Version 17
VisualStudioVersion = 17.3.32922.545
MinimumVisualStudioVersion = 10.0.40219.1
Project("{FAE04EC0-301F-11D3-BF4B-00C04F79EFBC}") = "BillSplitter", "BillSplitter\BillSplitter.csproj", "{8E1F58B8-AFCD-4761-83A0-253FB1F8AB58}"
EndProject
Global
	GlobalSection(SolutionConfigurationPlatforms) = preSolution
		Debug|Any CPU = Debug|Any CPU
		Release|Any CPU = Release|Any CPU
	EndGlobalSection
	GlobalSection(ProjectConfigurationPlatforms) = postSolution
		{8E1F58B8-AFCD-4761-83A0-253FB1F8AB58}.Debug|Any CPU.ActiveCfg = Debug|Any CPU
		{8E1F58B8-AFCD-4761-83A0-253FB1F8AB58}.Debug|Any CPU.Build.0 = Debug|Any CPU
		{8E1F58B8-AFCD-4761-83A0-253FB1F8AB58}.Release|Any CPU.ActiveCfg = Release|Any CPU
		{8E1F58B8-AFCD-4761-83A0-253FB1F8AB58}.Release|Any CPU.Build.0 = Release|Any CPU
	EndGlobalSection
	GlobalSection(SolutionProperties) = preSolution
		HideSolutionNode = FALSE
	EndGlobalSection
	GlobalSection(ExtensibilityGlobals) = postSolution
		SolutionGuid = {67E766C3-3698-48C0-B056-F51AC9A2FE5E}
	EndGlobalSection
EndGlobal
